
Microsoft Visual Studio Solution File, Format Version 12.00
# Visual Studio Version 17
VisualStudioVersion = 17.14.37301.10 d17.14
MinimumVisualStudioVersion = 10.0.40219.1
Project("{FAE04EC0-301F-11D3-BF4B-00C04F79EFBC}") = "EmployeeManagment", "EmployeeManagment\EmployeeManagment.csproj", "{A1784996-3906-4418-A6D8-DFA227EC5C96}"
EndProject
Global
	GlobalSection(SolutionConfigurationPlatforms) = preSolution
		Debug|Any CPU = Debug|Any CPU
		Release|Any CPU = Release|Any CPU
	EndGlobalSection
	GlobalSection(ProjectConfigurationPlatforms) = postSolution
		{A1784996-3906-4418-A6D8-DFA227EC5C96}.Debug|Any CPU.ActiveCfg = Debug|Any CPU
		{A1784996-3906-4418-A6D8-DFA227EC5C96}.Debug|Any CPU.Build.0 = Debug|Any CPU
		{A1784996-3906-4418-A6D8-DFA227EC5C96}.Release|Any CPU.ActiveCfg = Release|Any CPU
		{A1784996-3906-4418-A6D8-DFA227EC5C96}.Release|Any CPU.Build.0 = Release|Any CPU
	EndGlobalSection
	GlobalSection(SolutionProperties) = preSolution
		HideSolutionNode = FALSE
	EndGlobalSection
	GlobalSection(ExtensibilityGlobals) = postSolution
		SolutionGuid = {E5246455-54F8-431F-9C2C-FB3C5F9DFF0C}
	EndGlobalSection
EndGlobal
